
Microsoft Visual Studio Solution File, Format Version 12.00
# Visual Studio Version 17
VisualStudioVersion = 17.7.34202.233
MinimumVisualStudioVersion = 10.0.40219.1
Project("{FAE04EC0-301F-11D3-BF4B-00C04F79EFBC}") = "ChallengeApp", "ChallengeApp\ChallengeApp.csproj", "{F05D74AC-A19F-4DAF-99D0-1329A242416E}"
EndProject
Global
	GlobalSection(SolutionConfigurationPlatforms) = preSolution
		Debug|Any CPU = Debug|Any CPU
		Release|Any CPU = Release|Any CPU
	EndGlobalSection
	GlobalSection(ProjectConfigurationPlatforms) = postSolution
		{F05D74AC-A19F-4DAF-99D0-1329A242416E}.Debug|Any CPU.ActiveCfg = Debug|Any CPU
		{F05D74AC-A19F-4DAF-99D0-1329A242416E}.Debug|Any CPU.Build.0 = Debug|Any CPU
		{F05D74AC-A19F-4DAF-99D0-1329A242416E}.Release|Any CPU.ActiveCfg = Release|Any CPU
		{F05D74AC-A19F-4DAF-99D0-1329A242416E}.Release|Any CPU.Build.0 = Release|Any CPU
	EndGlobalSection
	GlobalSection(SolutionProperties) = preSolution
		HideSolutionNode = FALSE
	EndGlobalSection
	GlobalSection(ExtensibilityGlobals) = postSolution
		SolutionGuid = {A3E754B9-537F-4AE1-8C7B-1A9B91F141C1}
	EndGlobalSection
EndGlobal
